// !$*UTF8*$!
{
	archiveVersion = 1;
	classes = {
	};
	objectVersion = 56;
	objects = {

/* Begin PBXBuildFile section */
		0CD0FDC33295A82D568FBBF9 /* Pods_InstaClone.framework in Frameworks */ = {isa = PBXBuildFile; fileRef = ED0E8F88EAD34666D3054EEB /* Pods_InstaClone.framework */; };
		420609912BB30D2C007E5D5B /* AppDelegate.swift in Sources */ = {isa = PBXBuildFile; fileRef = 420609902BB30D2C007E5D5B /* AppDelegate.swift */; };
		420609932BB30D2C007E5D5B /* SceneDelegate.swift in Sources */ = {isa = PBXBuildFile; fileRef = 420609922BB30D2C007E5D5B /* SceneDelegate.swift */; };
		4206099D2BB30D2D007E5D5B /* LaunchScreen.storyboard in Resources */ = {isa = PBXBuildFile; fileRef = 4206099B2BB30D2D007E5D5B /* LaunchScreen.storyboard */; };
		420609A52BB30D4B007E5D5B /* MainTabBarController.swift in Sources */ = {isa = PBXBuildFile; fileRef = 420609A42BB30D4B007E5D5B /* MainTabBarController.swift */; };
		420609AA2BB31731007E5D5B /* SearchViewController.swift in Sources */ = {isa = PBXBuildFile; fileRef = 420609A92BB31731007E5D5B /* SearchViewController.swift */; };
		420609AC2BB31753007E5D5B /* ImageSelectorViewController.swift in Sources */ = {isa = PBXBuildFile; fileRef = 420609AB2BB31752007E5D5B /* ImageSelectorViewController.swift */; };
		420609AE2BB31765007E5D5B /* FeedViewController.swift in Sources */ = {isa = PBXBuildFile; fileRef = 420609AD2BB31765007E5D5B /* FeedViewController.swift */; };
		420609B12BB317C0007E5D5B /* NotificationsViewController.swift in Sources */ = {isa = PBXBuildFile; fileRef = 420609B02BB317C0007E5D5B /* NotificationsViewController.swift */; };
		420609B42BB31804007E5D5B /* ProfileViewController.swift in Sources */ = {isa = PBXBuildFile; fileRef = 420609B32BB31804007E5D5B /* ProfileViewController.swift */; };
		421EED1C2CACC5EA00AD6839 /* NotificationsTableViewCell.swift in Sources */ = {isa = PBXBuildFile; fileRef = 421EED1B2CACC5EA00AD6839 /* NotificationsTableViewCell.swift */; };
		422E56A62C9E058600867FC3 /* FeedServiceProtocol.swift in Sources */ = {isa = PBXBuildFile; fileRef = 422E56A52C9E058600867FC3 /* FeedServiceProtocol.swift */; };
		422E56A92C9E070100867FC3 /* FeedService.swift in Sources */ = {isa = PBXBuildFile; fileRef = 422E56A82C9E070100867FC3 /* FeedService.swift */; };
		422E56AC2C9E07B300867FC3 /* PostList.swift in Sources */ = {isa = PBXBuildFile; fileRef = 422E56AB2C9E07B300867FC3 /* PostList.swift */; };
		422E56AE2C9EE8DD00867FC3 /* FeedCollectionCellViewModel.swift in Sources */ = {isa = PBXBuildFile; fileRef = 422E56AD2C9EE8DD00867FC3 /* FeedCollectionCellViewModel.swift */; };
		424313122BBCC87700BEE02C /* LoginCoordinator.swift in Sources */ = {isa = PBXBuildFile; fileRef = 424313112BBCC87700BEE02C /* LoginCoordinator.swift */; };
		424313152BBCC9AF00BEE02C /* Coordinator.swift in Sources */ = {isa = PBXBuildFile; fileRef = 424313142BBCC9AF00BEE02C /* Coordinator.swift */; };
		424313172BBCCBB200BEE02C /* LoginCoordinatorProtocol.swift in Sources */ = {isa = PBXBuildFile; fileRef = 424313162BBCCBB200BEE02C /* LoginCoordinatorProtocol.swift */; };
		4243131A2BBCCD7800BEE02C /* FeedCoordinator.swift in Sources */ = {isa = PBXBuildFile; fileRef = 424313192BBCCD7800BEE02C /* FeedCoordinator.swift */; };
		4243131D2BBCCDF400BEE02C /* MainCoordinator.swift in Sources */ = {isa = PBXBuildFile; fileRef = 4243131C2BBCCDF400BEE02C /* MainCoordinator.swift */; };
		424D0BF52BB4548B00E4EA0E /* LoginViewModel.swift in Sources */ = {isa = PBXBuildFile; fileRef = 424D0BF42BB4548B00E4EA0E /* LoginViewModel.swift */; };
		424D0BF82BB4551400E4EA0E /* LoginViewModelProtocol.swift in Sources */ = {isa = PBXBuildFile; fileRef = 424D0BF72BB4551400E4EA0E /* LoginViewModelProtocol.swift */; };
		424D0BFC2BB45A3300E4EA0E /* RegistrationViewModel.swift in Sources */ = {isa = PBXBuildFile; fileRef = 424D0BFB2BB45A3300E4EA0E /* RegistrationViewModel.swift */; };
		424D0BFF2BB45A9200E4EA0E /* RegistrationViewModelProtocol.swift in Sources */ = {isa = PBXBuildFile; fileRef = 424D0BFE2BB45A9200E4EA0E /* RegistrationViewModelProtocol.swift */; };
		424D0C012BB4764000E4EA0E /* GoogleService-Info.plist in Resources */ = {isa = PBXBuildFile; fileRef = 424D0C002BB4764000E4EA0E /* GoogleService-Info.plist */; };
		4251EC652CA5EDF200829D84 /* CommentCellViewModel.swift in Sources */ = {isa = PBXBuildFile; fileRef = 4251EC642CA5EDF200829D84 /* CommentCellViewModel.swift */; };
		425331732C8E4E9C0060D28D /* UIImage+.swift in Sources */ = {isa = PBXBuildFile; fileRef = 425331722C8E4E9C0060D28D /* UIImage+.swift */; };
		42681D262CAB28CA006307E0 /* UserService.swift in Sources */ = {isa = PBXBuildFile; fileRef = 42681D252CAB28CA006307E0 /* UserService.swift */; };
		42681D2B2CAB2A6D006307E0 /* UserServiceProtocol.swift in Sources */ = {isa = PBXBuildFile; fileRef = 42681D2A2CAB2A6D006307E0 /* UserServiceProtocol.swift */; };
		42681D2E2CAB2D63006307E0 /* CommentCoordinator.swift in Sources */ = {isa = PBXBuildFile; fileRef = 42681D2D2CAB2D63006307E0 /* CommentCoordinator.swift */; };
		42681D302CAB2F95006307E0 /* CommentCoordinatorProtocol.swift in Sources */ = {isa = PBXBuildFile; fileRef = 42681D2F2CAB2F95006307E0 /* CommentCoordinatorProtocol.swift */; };
		4281F3602BC8A50500A45350 /* SearchViewModel.swift in Sources */ = {isa = PBXBuildFile; fileRef = 4281F35F2BC8A50500A45350 /* SearchViewModel.swift */; };
		4281F3632BC8A52300A45350 /* SearchViewModelProtocol.swift in Sources */ = {isa = PBXBuildFile; fileRef = 4281F3622BC8A52300A45350 /* SearchViewModelProtocol.swift */; };
		4283FFA42BB440E900711D0C /* UIView+.swift in Sources */ = {isa = PBXBuildFile; fileRef = 4283FFA32BB440E900711D0C /* UIView+.swift */; };
		4294357D2BB38C2B00AB5121 /* LoginViewController.swift in Sources */ = {isa = PBXBuildFile; fileRef = 4294357C2BB38C2B00AB5121 /* LoginViewController.swift */; };
		4294357F2BB38C4200AB5121 /* RegistrationViewController.swift in Sources */ = {isa = PBXBuildFile; fileRef = 4294357E2BB38C4200AB5121 /* RegistrationViewController.swift */; };
		429435812BB3A17600AB5121 /* CustomTextField.swift in Sources */ = {isa = PBXBuildFile; fileRef = 429435802BB3A17600AB5121 /* CustomTextField.swift */; };
		429435852BB3A64000AB5121 /* UIButton+.swift in Sources */ = {isa = PBXBuildFile; fileRef = 429435842BB3A64000AB5121 /* UIButton+.swift */; };
		42A31A632BB499210074F8DB /* RegistrationView.swift in Sources */ = {isa = PBXBuildFile; fileRef = 42A31A622BB499210074F8DB /* RegistrationView.swift */; };
		42A31A662BB4A9400074F8DB /* ImageUploader.swift in Sources */ = {isa = PBXBuildFile; fileRef = 42A31A652BB4A9400074F8DB /* ImageUploader.swift */; };
		42A31A6B2BB4ABB80074F8DB /* UserRegistration.swift in Sources */ = {isa = PBXBuildFile; fileRef = 42A31A6A2BB4ABB80074F8DB /* UserRegistration.swift */; };
		42A31A6D2BB4AD800074F8DB /* RegistrationService.swift in Sources */ = {isa = PBXBuildFile; fileRef = 42A31A6C2BB4AD800074F8DB /* RegistrationService.swift */; };
		42A31A6F2BB5CB040074F8DB /* FeedViewModel.swift in Sources */ = {isa = PBXBuildFile; fileRef = 42A31A6E2BB5CB040074F8DB /* FeedViewModel.swift */; };
		42A31A742BB5CB390074F8DB /* FeedViewModelProtocol.swift in Sources */ = {isa = PBXBuildFile; fileRef = 42A31A732BB5CB390074F8DB /* FeedViewModelProtocol.swift */; };
		42A31A772BB5D1B00074F8DB /* LoginService.swift in Sources */ = {isa = PBXBuildFile; fileRef = 42A31A762BB5D1B00074F8DB /* LoginService.swift */; };
		42A31A7E2BB5E4CD0074F8DB /* ProfileHeader.swift in Sources */ = {isa = PBXBuildFile; fileRef = 42A31A7D2BB5E4CD0074F8DB /* ProfileHeader.swift */; };
		42A31A802BB5EC420074F8DB /* ProfileCollectionViewCell.swift in Sources */ = {isa = PBXBuildFile; fileRef = 42A31A7F2BB5EC420074F8DB /* ProfileCollectionViewCell.swift */; };
		42A7764E2BB719F7007CA1E4 /* Constants.swift in Sources */ = {isa = PBXBuildFile; fileRef = 42A7764D2BB719F7007CA1E4 /* Constants.swift */; };
		42A776502BB71A78007CA1E4 /* ProfileService.swift in Sources */ = {isa = PBXBuildFile; fileRef = 42A7764F2BB71A78007CA1E4 /* ProfileService.swift */; };
		42A776572BB71C3E007CA1E4 /* User.swift in Sources */ = {isa = PBXBuildFile; fileRef = 42A776562BB71C3E007CA1E4 /* User.swift */; };
		42A7765A2BB72250007CA1E4 /* ProfileHeaderViewModel.swift in Sources */ = {isa = PBXBuildFile; fileRef = 42A776592BB72250007CA1E4 /* ProfileHeaderViewModel.swift */; };
		42A7765D2BB7228D007CA1E4 /* ProfileHeaderViewModelProtocol.swift in Sources */ = {isa = PBXBuildFile; fileRef = 42A7765C2BB7228D007CA1E4 /* ProfileHeaderViewModelProtocol.swift */; };
		42A7765F2BB7274F007CA1E4 /* ProfileViewModel.swift in Sources */ = {isa = PBXBuildFile; fileRef = 42A7765E2BB7274F007CA1E4 /* ProfileViewModel.swift */; };
		42A776612BB72765007CA1E4 /* ProfileViewModelProtocol.swift in Sources */ = {isa = PBXBuildFile; fileRef = 42A776602BB72765007CA1E4 /* ProfileViewModelProtocol.swift */; };
		42AA0E322BC4B10D000C85A4 /* UserSession.swift in Sources */ = {isa = PBXBuildFile; fileRef = 42AA0E312BC4B10D000C85A4 /* UserSession.swift */; };
		42AA0E362BC5F69C000C85A4 /* MainTabBarViewModel.swift in Sources */ = {isa = PBXBuildFile; fileRef = 42AA0E352BC5F69C000C85A4 /* MainTabBarViewModel.swift */; };
		42AA0E392BC5F6FE000C85A4 /* MainTabBarViewModelProtocol.swift in Sources */ = {isa = PBXBuildFile; fileRef = 42AA0E382BC5F6FE000C85A4 /* MainTabBarViewModelProtocol.swift */; };
		42AA0E3D2BC75899000C85A4 /* UserTableViewCell.swift in Sources */ = {isa = PBXBuildFile; fileRef = 42AA0E3C2BC75899000C85A4 /* UserTableViewCell.swift */; };
		42AA0E3F2BC759E9000C85A4 /* SearchView.swift in Sources */ = {isa = PBXBuildFile; fileRef = 42AA0E3E2BC759E9000C85A4 /* SearchView.swift */; };
		42BAC5E32BD715A100B80779 /* ProfileCoordinator.swift in Sources */ = {isa = PBXBuildFile; fileRef = 42BAC5E22BD715A100B80779 /* ProfileCoordinator.swift */; };
		42BB1A9A2BB35226007F3865 /* FeedCollectionViewCell.swift in Sources */ = {isa = PBXBuildFile; fileRef = 42BB1A992BB35226007F3865 /* FeedCollectionViewCell.swift */; };
		42CEFA5D2C9DD8E200B2873C /* UIViewController+.swift in Sources */ = {isa = PBXBuildFile; fileRef = 42CEFA5C2C9DD8E100B2873C /* UIViewController+.swift */; };
		42F5BF4D2C92060A00DBFFBD /* UploadPostViewController.swift in Sources */ = {isa = PBXBuildFile; fileRef = 42F5BF4C2C92060A00DBFFBD /* UploadPostViewController.swift */; };
		42F5BF4F2C92099000DBFFBD /* Assets.xcassets in Resources */ = {isa = PBXBuildFile; fileRef = 42F5BF4E2C92099000DBFFBD /* Assets.xcassets */; };
		42F5BF532C920D1500DBFFBD /* Localizable.strings in Resources */ = {isa = PBXBuildFile; fileRef = 42F5BF512C920D1500DBFFBD /* Localizable.strings */; };
		42F5BF552C9210E900DBFFBD /* InputTextView.swift in Sources */ = {isa = PBXBuildFile; fileRef = 42F5BF542C9210E900DBFFBD /* InputTextView.swift */; };
		42F5BF592C92258100DBFFBD /* UploadPostViewModel.swift in Sources */ = {isa = PBXBuildFile; fileRef = 42F5BF582C92258100DBFFBD /* UploadPostViewModel.swift */; };
		42F5BF5C2C92259D00DBFFBD /* UploadPostViewModelProtocol.swift in Sources */ = {isa = PBXBuildFile; fileRef = 42F5BF5B2C92259D00DBFFBD /* UploadPostViewModelProtocol.swift */; };
		42F5BF5F2C92273E00DBFFBD /* PostService.swift in Sources */ = {isa = PBXBuildFile; fileRef = 42F5BF5E2C92273E00DBFFBD /* PostService.swift */; };
		42F5BF622C92284500DBFFBD /* Post.swift in Sources */ = {isa = PBXBuildFile; fileRef = 42F5BF612C92284500DBFFBD /* Post.swift */; };
		42F5BF642C9228B400DBFFBD /* PostServiceProtocol.swift in Sources */ = {isa = PBXBuildFile; fileRef = 42F5BF632C9228B400DBFFBD /* PostServiceProtocol.swift */; };
		42F5BF662C9230DF00DBFFBD /* UploadPostDelegate.swift in Sources */ = {isa = PBXBuildFile; fileRef = 42F5BF652C9230DF00DBFFBD /* UploadPostDelegate.swift */; };
		42FE623C2CA489DE009901D6 /* ProfileCollectionViewCellViewModel.swift in Sources */ = {isa = PBXBuildFile; fileRef = 42FE623B2CA489DE009901D6 /* ProfileCollectionViewCellViewModel.swift */; };
		42FE62412CA59A95009901D6 /* CommentViewController.swift in Sources */ = {isa = PBXBuildFile; fileRef = 42FE62402CA59A95009901D6 /* CommentViewController.swift */; };
		42FE62452CA59B77009901D6 /* CommentCell.swift in Sources */ = {isa = PBXBuildFile; fileRef = 42FE62442CA59B77009901D6 /* CommentCell.swift */; };
		42FE62472CA59CCD009901D6 /* FeedCellDelegate.swift in Sources */ = {isa = PBXBuildFile; fileRef = 42FE62462CA59CCD009901D6 /* FeedCellDelegate.swift */; };
		42FE62492CA5C689009901D6 /* CommentInputAccesoryView.swift in Sources */ = {isa = PBXBuildFile; fileRef = 42FE62482CA5C689009901D6 /* CommentInputAccesoryView.swift */; };
		42FE624D2CA5DF71009901D6 /* CommentInputAccesoryViewDelegate.swift in Sources */ = {isa = PBXBuildFile; fileRef = 42FE624C2CA5DF71009901D6 /* CommentInputAccesoryViewDelegate.swift */; };
		42FE62502CA5E2A9009901D6 /* CommentService.swift in Sources */ = {isa = PBXBuildFile; fileRef = 42FE624F2CA5E2A9009901D6 /* CommentService.swift */; };
		42FE62532CA5E4BF009901D6 /* CommentServiceProtocol.swift in Sources */ = {isa = PBXBuildFile; fileRef = 42FE62522CA5E4BF009901D6 /* CommentServiceProtocol.swift */; };
		42FE62562CA5E4EA009901D6 /* CommentViewModel.swift in Sources */ = {isa = PBXBuildFile; fileRef = 42FE62552CA5E4EA009901D6 /* CommentViewModel.swift */; };
		42FE62582CA5E53F009901D6 /* CommentViewModelProtocol.swift in Sources */ = {isa = PBXBuildFile; fileRef = 42FE62572CA5E53F009901D6 /* CommentViewModelProtocol.swift */; };
		42FE625B2CA5EA21009901D6 /* Comment.swift in Sources */ = {isa = PBXBuildFile; fileRef = 42FE625A2CA5EA21009901D6 /* Comment.swift */; };
/* End PBXBuildFile section */

/* Begin PBXFileReference section */
		1920893AE6648D63CF877D94 /* Pods-InstaClone.release.xcconfig */ = {isa = PBXFileReference; includeInIndex = 1; lastKnownFileType = text.xcconfig; name = "Pods-InstaClone.release.xcconfig"; path = "Target Support Files/Pods-InstaClone/Pods-InstaClone.release.xcconfig"; sourceTree = "<group>"; };
		4206098D2BB30D2C007E5D5B /* InstaClone.app */ = {isa = PBXFileReference; explicitFileType = wrapper.application; includeInIndex = 0; path = InstaClone.app; sourceTree = BUILT_PRODUCTS_DIR; };
		420609902BB30D2C007E5D5B /* AppDelegate.swift */ = {isa = PBXFileReference; lastKnownFileType = sourcecode.swift; path = AppDelegate.swift; sourceTree = "<group>"; };
		420609922BB30D2C007E5D5B /* SceneDelegate.swift */ = {isa = PBXFileReference; lastKnownFileType = sourcecode.swift; path = SceneDelegate.swift; sourceTree = "<group>"; };
		4206099C2BB30D2D007E5D5B /* Base */ = {isa = PBXFileReference; lastKnownFileType = file.storyboard; name = Base; path = Base.lproj/LaunchScreen.storyboard; sourceTree = "<group>"; };
		4206099E2BB30D2D007E5D5B /* Info.plist */ = {isa = PBXFileReference; lastKnownFileType = text.plist.xml; path = Info.plist; sourceTree = "<group>"; };
		420609A42BB30D4B007E5D5B /* MainTabBarController.swift */ = {isa = PBXFileReference; lastKnownFileType = sourcecode.swift; path = MainTabBarController.swift; sourceTree = "<group>"; };
		420609A92BB31731007E5D5B /* SearchViewController.swift */ = {isa = PBXFileReference; lastKnownFileType = sourcecode.swift; path = SearchViewController.swift; sourceTree = "<group>"; };
		420609AB2BB31752007E5D5B /* ImageSelectorViewController.swift */ = {isa = PBXFileReference; lastKnownFileType = sourcecode.swift; path = ImageSelectorViewController.swift; sourceTree = "<group>"; };
		420609AD2BB31765007E5D5B /* FeedViewController.swift */ = {isa = PBXFileReference; lastKnownFileType = sourcecode.swift; path = FeedViewController.swift; sourceTree = "<group>"; };
		420609B02BB317C0007E5D5B /* NotificationsViewController.swift */ = {isa = PBXFileReference; lastKnownFileType = sourcecode.swift; path = NotificationsViewController.swift; sourceTree = "<group>"; };
		420609B32BB31804007E5D5B /* ProfileViewController.swift */ = {isa = PBXFileReference; lastKnownFileType = sourcecode.swift; path = ProfileViewController.swift; sourceTree = "<group>"; };
		421EED1B2CACC5EA00AD6839 /* NotificationsTableViewCell.swift */ = {isa = PBXFileReference; lastKnownFileType = sourcecode.swift; path = NotificationsTableViewCell.swift; sourceTree = "<group>"; };
		422E56A52C9E058600867FC3 /* FeedServiceProtocol.swift */ = {isa = PBXFileReference; lastKnownFileType = sourcecode.swift; path = FeedServiceProtocol.swift; sourceTree = "<group>"; };
		422E56A82C9E070100867FC3 /* FeedService.swift */ = {isa = PBXFileReference; lastKnownFileType = sourcecode.swift; path = FeedService.swift; sourceTree = "<group>"; };
		422E56AB2C9E07B300867FC3 /* PostList.swift */ = {isa = PBXFileReference; lastKnownFileType = sourcecode.swift; path = PostList.swift; sourceTree = "<group>"; };
		422E56AD2C9EE8DD00867FC3 /* FeedCollectionCellViewModel.swift */ = {isa = PBXFileReference; lastKnownFileType = sourcecode.swift; path = FeedCollectionCellViewModel.swift; sourceTree = "<group>"; };
		424313112BBCC87700BEE02C /* LoginCoordinator.swift */ = {isa = PBXFileReference; lastKnownFileType = sourcecode.swift; path = LoginCoordinator.swift; sourceTree = "<group>"; };
		424313142BBCC9AF00BEE02C /* Coordinator.swift */ = {isa = PBXFileReference; lastKnownFileType = sourcecode.swift; path = Coordinator.swift; sourceTree = "<group>"; };
		424313162BBCCBB200BEE02C /* LoginCoordinatorProtocol.swift */ = {isa = PBXFileReference; lastKnownFileType = sourcecode.swift; path = LoginCoordinatorProtocol.swift; sourceTree = "<group>"; };
		424313192BBCCD7800BEE02C /* FeedCoordinator.swift */ = {isa = PBXFileReference; lastKnownFileType = sourcecode.swift; path = FeedCoordinator.swift; sourceTree = "<group>"; };
		4243131C2BBCCDF400BEE02C /* MainCoordinator.swift */ = {isa = PBXFileReference; lastKnownFileType = sourcecode.swift; path = MainCoordinator.swift; sourceTree = "<group>"; };
		424D0BF42BB4548B00E4EA0E /* LoginViewModel.swift */ = {isa = PBXFileReference; lastKnownFileType = sourcecode.swift; path = LoginViewModel.swift; sourceTree = "<group>"; };
		424D0BF72BB4551400E4EA0E /* LoginViewModelProtocol.swift */ = {isa = PBXFileReference; lastKnownFileType = sourcecode.swift; path = LoginViewModelProtocol.swift; sourceTree = "<group>"; };
		424D0BFB2BB45A3300E4EA0E /* RegistrationViewModel.swift */ = {isa = PBXFileReference; lastKnownFileType = sourcecode.swift; path = RegistrationViewModel.swift; sourceTree = "<group>"; };
		424D0BFE2BB45A9200E4EA0E /* RegistrationViewModelProtocol.swift */ = {isa = PBXFileReference; lastKnownFileType = sourcecode.swift; path = RegistrationViewModelProtocol.swift; sourceTree = "<group>"; };
		424D0C002BB4764000E4EA0E /* GoogleService-Info.plist */ = {isa = PBXFileReference; fileEncoding = 4; lastKnownFileType = text.plist.xml; path = "GoogleService-Info.plist"; sourceTree = "<group>"; };
		4251EC642CA5EDF200829D84 /* CommentCellViewModel.swift */ = {isa = PBXFileReference; lastKnownFileType = sourcecode.swift; path = CommentCellViewModel.swift; sourceTree = "<group>"; };
		425331722C8E4E9C0060D28D /* UIImage+.swift */ = {isa = PBXFileReference; lastKnownFileType = sourcecode.swift; path = "UIImage+.swift"; sourceTree = "<group>"; };
		42681D252CAB28CA006307E0 /* UserService.swift */ = {isa = PBXFileReference; lastKnownFileType = sourcecode.swift; path = UserService.swift; sourceTree = "<group>"; };
		42681D2A2CAB2A6D006307E0 /* UserServiceProtocol.swift */ = {isa = PBXFileReference; lastKnownFileType = sourcecode.swift; path = UserServiceProtocol.swift; sourceTree = "<group>"; };
		42681D2D2CAB2D63006307E0 /* CommentCoordinator.swift */ = {isa = PBXFileReference; lastKnownFileType = sourcecode.swift; path = CommentCoordinator.swift; sourceTree = "<group>"; };
		42681D2F2CAB2F95006307E0 /* CommentCoordinatorProtocol.swift */ = {isa = PBXFileReference; lastKnownFileType = sourcecode.swift; path = CommentCoordinatorProtocol.swift; sourceTree = "<group>"; };
		4281F35F2BC8A50500A45350 /* SearchViewModel.swift */ = {isa = PBXFileReference; lastKnownFileType = sourcecode.swift; path = SearchViewModel.swift; sourceTree = "<group>"; };
		4281F3622BC8A52300A45350 /* SearchViewModelProtocol.swift */ = {isa = PBXFileReference; lastKnownFileType = sourcecode.swift; path = SearchViewModelProtocol.swift; sourceTree = "<group>"; };
		4283FFA32BB440E900711D0C /* UIView+.swift */ = {isa = PBXFileReference; lastKnownFileType = sourcecode.swift; path = "UIView+.swift"; sourceTree = "<group>"; };
		4294357C2BB38C2B00AB5121 /* LoginViewController.swift */ = {isa = PBXFileReference; lastKnownFileType = sourcecode.swift; path = LoginViewController.swift; sourceTree = "<group>"; };
		4294357E2BB38C4200AB5121 /* RegistrationViewController.swift */ = {isa = PBXFileReference; lastKnownFileType = sourcecode.swift; path = RegistrationViewController.swift; sourceTree = "<group>"; };
		429435802BB3A17600AB5121 /* CustomTextField.swift */ = {isa = PBXFileReference; lastKnownFileType = sourcecode.swift; path = CustomTextField.swift; sourceTree = "<group>"; };
		429435842BB3A64000AB5121 /* UIButton+.swift */ = {isa = PBXFileReference; lastKnownFileType = sourcecode.swift; path = "UIButton+.swift"; sourceTree = "<group>"; };
		42A31A622BB499210074F8DB /* RegistrationView.swift */ = {isa = PBXFileReference; lastKnownFileType = sourcecode.swift; path = RegistrationView.swift; sourceTree = "<group>"; };
		42A31A652BB4A9400074F8DB /* ImageUploader.swift */ = {isa = PBXFileReference; lastKnownFileType = sourcecode.swift; path = ImageUploader.swift; sourceTree = "<group>"; };
		42A31A6A2BB4ABB80074F8DB /* UserRegistration.swift */ = {isa = PBXFileReference; lastKnownFileType = sourcecode.swift; path = UserRegistration.swift; sourceTree = "<group>"; };
		42A31A6C2BB4AD800074F8DB /* RegistrationService.swift */ = {isa = PBXFileReference; lastKnownFileType = sourcecode.swift; path = RegistrationService.swift; sourceTree = "<group>"; };
		42A31A6E2BB5CB040074F8DB /* FeedViewModel.swift */ = {isa = PBXFileReference; lastKnownFileType = sourcecode.swift; path = FeedViewModel.swift; sourceTree = "<group>"; };
		42A31A732BB5CB390074F8DB /* FeedViewModelProtocol.swift */ = {isa = PBXFileReference; lastKnownFileType = sourcecode.swift; path = FeedViewModelProtocol.swift; sourceTree = "<group>"; };
		42A31A762BB5D1B00074F8DB /* LoginService.swift */ = {isa = PBXFileReference; lastKnownFileType = sourcecode.swift; path = LoginService.swift; sourceTree = "<group>"; };
		42A31A7D2BB5E4CD0074F8DB /* ProfileHeader.swift */ = {isa = PBXFileReference; lastKnownFileType = sourcecode.swift; path = ProfileHeader.swift; sourceTree = "<group>"; };
		42A31A7F2BB5EC420074F8DB /* ProfileCollectionViewCell.swift */ = {isa = PBXFileReference; lastKnownFileType = sourcecode.swift; path = ProfileCollectionViewCell.swift; sourceTree = "<group>"; };
		42A7764D2BB719F7007CA1E4 /* Constants.swift */ = {isa = PBXFileReference; lastKnownFileType = sourcecode.swift; path = Constants.swift; sourceTree = "<group>"; };
		42A7764F2BB71A78007CA1E4 /* ProfileService.swift */ = {isa = PBXFileReference; lastKnownFileType = sourcecode.swift; path = ProfileService.swift; sourceTree = "<group>"; };
		42A776562BB71C3E007CA1E4 /* User.swift */ = {isa = PBXFileReference; lastKnownFileType = sourcecode.swift; path = User.swift; sourceTree = "<group>"; };
		42A776592BB72250007CA1E4 /* ProfileHeaderViewModel.swift */ = {isa = PBXFileReference; lastKnownFileType = sourcecode.swift; path = ProfileHeaderViewModel.swift; sourceTree = "<group>"; };
		42A7765C2BB7228D007CA1E4 /* ProfileHeaderViewModelProtocol.swift */ = {isa = PBXFileReference; lastKnownFileType = sourcecode.swift; path = ProfileHeaderViewModelProtocol.swift; sourceTree = "<group>"; };
		42A7765E2BB7274F007CA1E4 /* ProfileViewModel.swift */ = {isa = PBXFileReference; lastKnownFileType = sourcecode.swift; path = ProfileViewModel.swift; sourceTree = "<group>"; };
		42A776602BB72765007CA1E4 /* ProfileViewModelProtocol.swift */ = {isa = PBXFileReference; lastKnownFileType = sourcecode.swift; path = ProfileViewModelProtocol.swift; sourceTree = "<group>"; };
		42AA0E312BC4B10D000C85A4 /* UserSession.swift */ = {isa = PBXFileReference; lastKnownFileType = sourcecode.swift; path = UserSession.swift; sourceTree = "<group>"; };
		42AA0E352BC5F69C000C85A4 /* MainTabBarViewModel.swift */ = {isa = PBXFileReference; lastKnownFileType = sourcecode.swift; path = MainTabBarViewModel.swift; sourceTree = "<group>"; };
		42AA0E382BC5F6FE000C85A4 /* MainTabBarViewModelProtocol.swift */ = {isa = PBXFileReference; lastKnownFileType = sourcecode.swift; path = MainTabBarViewModelProtocol.swift; sourceTree = "<group>"; };
		42AA0E3C2BC75899000C85A4 /* UserTableViewCell.swift */ = {isa = PBXFileReference; lastKnownFileType = sourcecode.swift; path = UserTableViewCell.swift; sourceTree = "<group>"; };
		42AA0E3E2BC759E9000C85A4 /* SearchView.swift */ = {isa = PBXFileReference; lastKnownFileType = sourcecode.swift; path = SearchView.swift; sourceTree = "<group>"; };
		42BAC5E22BD715A100B80779 /* ProfileCoordinator.swift */ = {isa = PBXFileReference; lastKnownFileType = sourcecode.swift; path = ProfileCoordinator.swift; sourceTree = "<group>"; };
		42BB1A992BB35226007F3865 /* FeedCollectionViewCell.swift */ = {isa = PBXFileReference; lastKnownFileType = sourcecode.swift; path = FeedCollectionViewCell.swift; sourceTree = "<group>"; };
		42CEFA5C2C9DD8E100B2873C /* UIViewController+.swift */ = {isa = PBXFileReference; lastKnownFileType = sourcecode.swift; path = "UIViewController+.swift"; sourceTree = "<group>"; };
		42F5BF4C2C92060A00DBFFBD /* UploadPostViewController.swift */ = {isa = PBXFileReference; lastKnownFileType = sourcecode.swift; path = UploadPostViewController.swift; sourceTree = "<group>"; };
		42F5BF4E2C92099000DBFFBD /* Assets.xcassets */ = {isa = PBXFileReference; lastKnownFileType = folder.assetcatalog; path = Assets.xcassets; sourceTree = "<group>"; };
		42F5BF522C920D1500DBFFBD /* en */ = {isa = PBXFileReference; lastKnownFileType = text.plist.strings; name = en; path = en.lproj/Localizable.strings; sourceTree = "<group>"; };
		42F5BF542C9210E900DBFFBD /* InputTextView.swift */ = {isa = PBXFileReference; lastKnownFileType = sourcecode.swift; path = InputTextView.swift; sourceTree = "<group>"; };
		42F5BF582C92258100DBFFBD /* UploadPostViewModel.swift */ = {isa = PBXFileReference; lastKnownFileType = sourcecode.swift; path = UploadPostViewModel.swift; sourceTree = "<group>"; };
		42F5BF5B2C92259D00DBFFBD /* UploadPostViewModelProtocol.swift */ = {isa = PBXFileReference; lastKnownFileType = sourcecode.swift; path = UploadPostViewModelProtocol.swift; sourceTree = "<group>"; };
		42F5BF5E2C92273E00DBFFBD /* PostService.swift */ = {isa = PBXFileReference; lastKnownFileType = sourcecode.swift; path = PostService.swift; sourceTree = "<group>"; };
		42F5BF612C92284500DBFFBD /* Post.swift */ = {isa = PBXFileReference; lastKnownFileType = sourcecode.swift; path = Post.swift; sourceTree = "<group>"; };
		42F5BF632C9228B400DBFFBD /* PostServiceProtocol.swift */ = {isa = PBXFileReference; lastKnownFileType = sourcecode.swift; path = PostServiceProtocol.swift; sourceTree = "<group>"; };
		42F5BF652C9230DF00DBFFBD /* UploadPostDelegate.swift */ = {isa = PBXFileReference; lastKnownFileType = sourcecode.swift; path = UploadPostDelegate.swift; sourceTree = "<group>"; };
		42FE623B2CA489DE009901D6 /* ProfileCollectionViewCellViewModel.swift */ = {isa = PBXFileReference; lastKnownFileType = sourcecode.swift; path = ProfileCollectionViewCellViewModel.swift; sourceTree = "<group>"; };
		42FE62402CA59A95009901D6 /* CommentViewController.swift */ = {isa = PBXFileReference; lastKnownFileType = sourcecode.swift; path = CommentViewController.swift; sourceTree = "<group>"; };
		42FE62442CA59B77009901D6 /* CommentCell.swift */ = {isa = PBXFileReference; lastKnownFileType = sourcecode.swift; path = CommentCell.swift; sourceTree = "<group>"; };
		42FE62462CA59CCD009901D6 /* FeedCellDelegate.swift */ = {isa = PBXFileReference; lastKnownFileType = sourcecode.swift; path = FeedCellDelegate.swift; sourceTree = "<group>"; };
		42FE62482CA5C689009901D6 /* CommentInputAccesoryView.swift */ = {isa = PBXFileReference; lastKnownFileType = sourcecode.swift; path = CommentInputAccesoryView.swift; sourceTree = "<group>"; };
		42FE624C2CA5DF71009901D6 /* CommentInputAccesoryViewDelegate.swift */ = {isa = PBXFileReference; lastKnownFileType = sourcecode.swift; path = CommentInputAccesoryViewDelegate.swift; sourceTree = "<group>"; };
		42FE624F2CA5E2A9009901D6 /* CommentService.swift */ = {isa = PBXFileReference; lastKnownFileType = sourcecode.swift; path = CommentService.swift; sourceTree = "<group>"; };
		42FE62522CA5E4BF009901D6 /* CommentServiceProtocol.swift */ = {isa = PBXFileReference; lastKnownFileType = sourcecode.swift; path = CommentServiceProtocol.swift; sourceTree = "<group>"; };
		42FE62552CA5E4EA009901D6 /* CommentViewModel.swift */ = {isa = PBXFileReference; lastKnownFileType = sourcecode.swift; path = CommentViewModel.swift; sourceTree = "<group>"; };
		42FE62572CA5E53F009901D6 /* CommentViewModelProtocol.swift */ = {isa = PBXFileReference; lastKnownFileType = sourcecode.swift; path = CommentViewModelProtocol.swift; sourceTree = "<group>"; };
		42FE625A2CA5EA21009901D6 /* Comment.swift */ = {isa = PBXFileReference; lastKnownFileType = sourcecode.swift; path = Comment.swift; sourceTree = "<group>"; };
		ED0E8F88EAD34666D3054EEB /* Pods_InstaClone.framework */ = {isa = PBXFileReference; explicitFileType = wrapper.framework; includeInIndex = 0; path = Pods_InstaClone.framework; sourceTree = BUILT_PRODUCTS_DIR; };
		F98E8A5877794A852CCCA0FC /* Pods-InstaClone.debug.xcconfig */ = {isa = PBXFileReference; includeInIndex = 1; lastKnownFileType = text.xcconfig; name = "Pods-InstaClone.debug.xcconfig"; path = "Target Support Files/Pods-InstaClone/Pods-InstaClone.debug.xcconfig"; sourceTree = "<group>"; };
/* End PBXFileReference section */

/* Begin PBXFrameworksBuildPhase section */
		4206098A2BB30D2C007E5D5B /* Frameworks */ = {
			isa = PBXFrameworksBuildPhase;
			buildActionMask = 2147483647;
			files = (
				0CD0FDC33295A82D568FBBF9 /* Pods_InstaClone.framework in Frameworks */,
			);
			runOnlyForDeploymentPostprocessing = 0;
		};
/* End PBXFrameworksBuildPhase section */

/* Begin PBXGroup section */
		420609842BB30D2C007E5D5B = {
			isa = PBXGroup;
			children = (
				4206098F2BB30D2C007E5D5B /* InstaClone */,
				4206098E2BB30D2C007E5D5B /* Products */,
				BCE5C3266FC9E902EEF26DA5 /* Pods */,
				D30B6ABA0A1D7515531EEB35 /* Frameworks */,
			);
			sourceTree = "<group>";
		};
		4206098E2BB30D2C007E5D5B /* Products */ = {
			isa = PBXGroup;
			children = (
				4206098D2BB30D2C007E5D5B /* InstaClone.app */,
			);
			name = Products;
			sourceTree = "<group>";
		};
		4206098F2BB30D2C007E5D5B /* InstaClone */ = {
			isa = PBXGroup;
			children = (
				42F5BF502C920D0700DBFFBD /* Localizable */,
				42AA0E302BC4AF27000C85A4 /* App */,
				42681D272CAB2A14006307E0 /* User */,
				424313132BBCC9A600BEE02C /* Coordinator */,
				42FE623F2CA59A3A009901D6 /* Scenes */,
				429435832BB3A63200AB5121 /* Utils */,
				429435822BB3A61A00AB5121 /* Custom Views */,
				4206099B2BB30D2D007E5D5B /* LaunchScreen.storyboard */,
				4206099E2BB30D2D007E5D5B /* Info.plist */,
				424D0C002BB4764000E4EA0E /* GoogleService-Info.plist */,
				42A31A652BB4A9400074F8DB /* ImageUploader.swift */,
				42AA0E312BC4B10D000C85A4 /* UserSession.swift */,
				42F5BF4E2C92099000DBFFBD /* Assets.xcassets */,
			);
			path = InstaClone;
			sourceTree = "<group>";
		};
		420609A62BB31708007E5D5B /* Feed */ = {
			isa = PBXGroup;
			children = (
				422E56AA2C9E079C00867FC3 /* Model */,
				422E56A72C9E06F400867FC3 /* Service */,
				424313182BBCCD6500BEE02C /* Coordinator */,
				42A31A722BB5CB2A0074F8DB /* Protocols */,
				42A31A712BB5CB160074F8DB /* View */,
				42A31A702BB5CB0F0074F8DB /* ViewModel */,
			);
			path = Feed;
			sourceTree = "<group>";
		};
		420609A72BB3170E007E5D5B /* ImageSelector */ = {
			isa = PBXGroup;
			children = (
				420609AB2BB31752007E5D5B /* ImageSelectorViewController.swift */,
			);
			path = ImageSelector;
			sourceTree = "<group>";
		};
		420609A82BB3171C007E5D5B /* Search */ = {
			isa = PBXGroup;
			children = (
				4281F3612BC8A51700A45350 /* Protocols */,
				4281F35E2BC8A4F500A45350 /* ViewModel */,
				42AA0E3A2BC7587A000C85A4 /* View */,
			);
			path = Search;
			sourceTree = "<group>";
		};
		420609AF2BB317B0007E5D5B /* Notifications */ = {
			isa = PBXGroup;
			children = (
				421EED192CACC5CF00AD6839 /* ViewModel */,
				421EED182CACC5CA00AD6839 /* View */,
				420609B02BB317C0007E5D5B /* NotificationsViewController.swift */,
			);
			path = Notifications;
			sourceTree = "<group>";
		};
		420609B22BB317F9007E5D5B /* Profile */ = {
			isa = PBXGroup;
			children = (
				42BAC5E22BD715A100B80779 /* ProfileCoordinator.swift */,
				42A7765B2BB7225A007CA1E4 /* Protocols */,
				42A776582BB72245007CA1E4 /* ViewModel */,
				42A776542BB71C1C007CA1E4 /* Model */,
				42A776532BB71C16007CA1E4 /* Service */,
				42A31A792BB5E4630074F8DB /* View */,
				420609B32BB31804007E5D5B /* ProfileViewController.swift */,
			);
			path = Profile;
			sourceTree = "<group>";
		};
		420609B52BB3186D007E5D5B /* TabBar */ = {
			isa = PBXGroup;
			children = (
				42AA0E372BC5F6E3000C85A4 /* Protocols */,
				42AA0E342BC5F68E000C85A4 /* ViewModel */,
				42AA0E332BC5F689000C85A4 /* View */,
				4243131B2BBCCDE300BEE02C /* Coordinator */,
				420609A42BB30D4B007E5D5B /* MainTabBarController.swift */,
			);
			path = TabBar;
			sourceTree = "<group>";
		};
		421EED182CACC5CA00AD6839 /* View */ = {
			isa = PBXGroup;
			children = (
				421EED1A2CACC5DC00AD6839 /* Cell */,
			);
			path = View;
			sourceTree = "<group>";
		};
		421EED192CACC5CF00AD6839 /* ViewModel */ = {
			isa = PBXGroup;
			children = (
			);
			path = ViewModel;
			sourceTree = "<group>";
		};
		421EED1A2CACC5DC00AD6839 /* Cell */ = {
			isa = PBXGroup;
			children = (
				421EED1B2CACC5EA00AD6839 /* NotificationsTableViewCell.swift */,
			);
			path = Cell;
			sourceTree = "<group>";
		};
		422E56A72C9E06F400867FC3 /* Service */ = {
			isa = PBXGroup;
			children = (
				422E56A82C9E070100867FC3 /* FeedService.swift */,
			);
			path = Service;
			sourceTree = "<group>";
		};
		422E56AA2C9E079C00867FC3 /* Model */ = {
			isa = PBXGroup;
			children = (
				422E56AB2C9E07B300867FC3 /* PostList.swift */,
			);
			path = Model;
			sourceTree = "<group>";
		};
		424313102BBCC86B00BEE02C /* Coordinator */ = {
			isa = PBXGroup;
			children = (
				424313112BBCC87700BEE02C /* LoginCoordinator.swift */,
				424313162BBCCBB200BEE02C /* LoginCoordinatorProtocol.swift */,
			);
			path = Coordinator;
			sourceTree = "<group>";
		};
		424313132BBCC9A600BEE02C /* Coordinator */ = {
			isa = PBXGroup;
			children = (
				424313142BBCC9AF00BEE02C /* Coordinator.swift */,
			);
			path = Coordinator;
			sourceTree = "<group>";
		};
		424313182BBCCD6500BEE02C /* Coordinator */ = {
			isa = PBXGroup;
			children = (
				424313192BBCCD7800BEE02C /* FeedCoordinator.swift */,
			);
			path = Coordinator;
			sourceTree = "<group>";
		};
		4243131B2BBCCDE300BEE02C /* Coordinator */ = {
			isa = PBXGroup;
			children = (
				4243131C2BBCCDF400BEE02C /* MainCoordinator.swift */,
			);
			path = Coordinator;
			sourceTree = "<group>";
		};
		424D0BF22BB4547900E4EA0E /* View */ = {
			isa = PBXGroup;
			children = (
				4294357C2BB38C2B00AB5121 /* LoginViewController.swift */,
			);
			path = View;
			sourceTree = "<group>";
		};
		424D0BF32BB4547F00E4EA0E /* ViewModel */ = {
			isa = PBXGroup;
			children = (
				424D0BF42BB4548B00E4EA0E /* LoginViewModel.swift */,
			);
			path = ViewModel;
			sourceTree = "<group>";
		};
		424D0BF62BB4550600E4EA0E /* Protocols */ = {
			isa = PBXGroup;
			children = (
				424D0BF72BB4551400E4EA0E /* LoginViewModelProtocol.swift */,
			);
			path = Protocols;
			sourceTree = "<group>";
		};
		424D0BF92BB45A1900E4EA0E /* View */ = {
			isa = PBXGroup;
			children = (
				4294357E2BB38C4200AB5121 /* RegistrationViewController.swift */,
				42A31A622BB499210074F8DB /* RegistrationView.swift */,
			);
			path = View;
			sourceTree = "<group>";
		};
		424D0BFA2BB45A1D00E4EA0E /* ViewModel */ = {
			isa = PBXGroup;
			children = (
				424D0BFB2BB45A3300E4EA0E /* RegistrationViewModel.swift */,
			);
			path = ViewModel;
			sourceTree = "<group>";
		};
		424D0BFD2BB45A7F00E4EA0E /* Protocols */ = {
			isa = PBXGroup;
			children = (
				424D0BFE2BB45A9200E4EA0E /* RegistrationViewModelProtocol.swift */,
			);
			path = Protocols;
			sourceTree = "<group>";
		};
		42681D272CAB2A14006307E0 /* User */ = {
			isa = PBXGroup;
			children = (
				42681D292CAB2A54006307E0 /* Protocols */,
				42681D282CAB2A45006307E0 /* Service */,
			);
			path = User;
			sourceTree = "<group>";
		};
		42681D282CAB2A45006307E0 /* Service */ = {
			isa = PBXGroup;
			children = (
				42681D252CAB28CA006307E0 /* UserService.swift */,
				42681D2A2CAB2A6D006307E0 /* UserServiceProtocol.swift */,
			);
			path = Service;
			sourceTree = "<group>";
		};
		42681D292CAB2A54006307E0 /* Protocols */ = {
			isa = PBXGroup;
			children = (
			);
			path = Protocols;
			sourceTree = "<group>";
		};
		42681D2C2CAB2D56006307E0 /* Coordinator */ = {
			isa = PBXGroup;
			children = (
				42681D2D2CAB2D63006307E0 /* CommentCoordinator.swift */,
			);
			path = Coordinator;
			sourceTree = "<group>";
		};
		4281F35E2BC8A4F500A45350 /* ViewModel */ = {
			isa = PBXGroup;
			children = (
				4281F35F2BC8A50500A45350 /* SearchViewModel.swift */,
			);
			path = ViewModel;
			sourceTree = "<group>";
		};
		4281F3612BC8A51700A45350 /* Protocols */ = {
			isa = PBXGroup;
			children = (
				4281F3622BC8A52300A45350 /* SearchViewModelProtocol.swift */,
			);
			path = Protocols;
			sourceTree = "<group>";
		};
		4294357A2BB38C1400AB5121 /* Login */ = {
			isa = PBXGroup;
			children = (
				424313102BBCC86B00BEE02C /* Coordinator */,
				42A31A782BB5D3C00074F8DB /* Service */,
				424D0BF62BB4550600E4EA0E /* Protocols */,
				424D0BF32BB4547F00E4EA0E /* ViewModel */,
				424D0BF22BB4547900E4EA0E /* View */,
			);
			path = Login;
			sourceTree = "<group>";
		};
		4294357B2BB38C1C00AB5121 /* Register */ = {
			isa = PBXGroup;
			children = (
				42A31A672BB4AB910074F8DB /* Model */,
				42A31A642BB4A8F60074F8DB /* Service */,
				424D0BFD2BB45A7F00E4EA0E /* Protocols */,
				424D0BFA2BB45A1D00E4EA0E /* ViewModel */,
				424D0BF92BB45A1900E4EA0E /* View */,
			);
			path = Register;
			sourceTree = "<group>";
		};
		429435822BB3A61A00AB5121 /* Custom Views */ = {
			isa = PBXGroup;
			children = (
				42FE624A2CA5DF5A009901D6 /* CommentInputAccesoryView */,
				429435802BB3A17600AB5121 /* CustomTextField.swift */,
				42F5BF542C9210E900DBFFBD /* InputTextView.swift */,
			);
			path = "Custom Views";
			sourceTree = "<group>";
		};
		429435832BB3A63200AB5121 /* Utils */ = {
			isa = PBXGroup;
			children = (
				42A7764C2BB719E6007CA1E4 /* Constants */,
				42A7764B2BB719D8007CA1E4 /* Extensions */,
			);
			path = Utils;
			sourceTree = "<group>";
		};
		42A31A642BB4A8F60074F8DB /* Service */ = {
			isa = PBXGroup;
			children = (
				42A31A6C2BB4AD800074F8DB /* RegistrationService.swift */,
			);
			path = Service;
			sourceTree = "<group>";
		};
		42A31A672BB4AB910074F8DB /* Model */ = {
			isa = PBXGroup;
			children = (
				42A31A6A2BB4ABB80074F8DB /* UserRegistration.swift */,
			);
			path = Model;
			sourceTree = "<group>";
		};
		42A31A702BB5CB0F0074F8DB /* ViewModel */ = {
			isa = PBXGroup;
			children = (
				42A31A6E2BB5CB040074F8DB /* FeedViewModel.swift */,
				422E56AD2C9EE8DD00867FC3 /* FeedCollectionCellViewModel.swift */,
			);
			path = ViewModel;
			sourceTree = "<group>";
		};
		42A31A712BB5CB160074F8DB /* View */ = {
			isa = PBXGroup;
			children = (
				420609AD2BB31765007E5D5B /* FeedViewController.swift */,
				42BB1A992BB35226007F3865 /* FeedCollectionViewCell.swift */,
			);
			path = View;
			sourceTree = "<group>";
		};
		42A31A722BB5CB2A0074F8DB /* Protocols */ = {
			isa = PBXGroup;
			children = (
				42A31A732BB5CB390074F8DB /* FeedViewModelProtocol.swift */,
				422E56A52C9E058600867FC3 /* FeedServiceProtocol.swift */,
				42FE62462CA59CCD009901D6 /* FeedCellDelegate.swift */,
			);
			path = Protocols;
			sourceTree = "<group>";
		};
		42A31A782BB5D3C00074F8DB /* Service */ = {
			isa = PBXGroup;
			children = (
				42A31A762BB5D1B00074F8DB /* LoginService.swift */,
			);
			path = Service;
			sourceTree = "<group>";
		};
		42A31A792BB5E4630074F8DB /* View */ = {
			isa = PBXGroup;
			children = (
				42BAC5E82BD87B2200B80779 /* Cell */,
				42BAC5E72BD87B1800B80779 /* Header */,
			);
			path = View;
			sourceTree = "<group>";
		};
		42A7764B2BB719D8007CA1E4 /* Extensions */ = {
			isa = PBXGroup;
			children = (
				429435842BB3A64000AB5121 /* UIButton+.swift */,
				4283FFA32BB440E900711D0C /* UIView+.swift */,
				425331722C8E4E9C0060D28D /* UIImage+.swift */,
				42CEFA5C2C9DD8E100B2873C /* UIViewController+.swift */,
			);
			path = Extensions;
			sourceTree = "<group>";
		};
		42A7764C2BB719E6007CA1E4 /* Constants */ = {
			isa = PBXGroup;
			children = (
				42A7764D2BB719F7007CA1E4 /* Constants.swift */,
			);
			path = Constants;
			sourceTree = "<group>";
		};
		42A776532BB71C16007CA1E4 /* Service */ = {
			isa = PBXGroup;
			children = (
				42A7764F2BB71A78007CA1E4 /* ProfileService.swift */,
			);
			path = Service;
			sourceTree = "<group>";
		};
		42A776542BB71C1C007CA1E4 /* Model */ = {
			isa = PBXGroup;
			children = (
				42A776562BB71C3E007CA1E4 /* User.swift */,
			);
			path = Model;
			sourceTree = "<group>";
		};
		42A776582BB72245007CA1E4 /* ViewModel */ = {
			isa = PBXGroup;
			children = (
				42A776592BB72250007CA1E4 /* ProfileHeaderViewModel.swift */,
				42A7765E2BB7274F007CA1E4 /* ProfileViewModel.swift */,
				42FE623B2CA489DE009901D6 /* ProfileCollectionViewCellViewModel.swift */,
			);
			path = ViewModel;
			sourceTree = "<group>";
		};
		42A7765B2BB7225A007CA1E4 /* Protocols */ = {
			isa = PBXGroup;
			children = (
				42A7765C2BB7228D007CA1E4 /* ProfileHeaderViewModelProtocol.swift */,
				42A776602BB72765007CA1E4 /* ProfileViewModelProtocol.swift */,
			);
			path = Protocols;
			sourceTree = "<group>";
		};
		42AA0E302BC4AF27000C85A4 /* App */ = {
			isa = PBXGroup;
			children = (
				420609902BB30D2C007E5D5B /* AppDelegate.swift */,
				420609922BB30D2C007E5D5B /* SceneDelegate.swift */,
			);
			path = App;
			sourceTree = "<group>";
		};
		42AA0E332BC5F689000C85A4 /* View */ = {
			isa = PBXGroup;
			children = (
			);
			path = View;
			sourceTree = "<group>";
		};
		42AA0E342BC5F68E000C85A4 /* ViewModel */ = {
			isa = PBXGroup;
			children = (
				42AA0E352BC5F69C000C85A4 /* MainTabBarViewModel.swift */,
			);
			path = ViewModel;
			sourceTree = "<group>";
		};
		42AA0E372BC5F6E3000C85A4 /* Protocols */ = {
			isa = PBXGroup;
			children = (
				42AA0E382BC5F6FE000C85A4 /* MainTabBarViewModelProtocol.swift */,
			);
			path = Protocols;
			sourceTree = "<group>";
		};
		42AA0E3A2BC7587A000C85A4 /* View */ = {
			isa = PBXGroup;
			children = (
				42AA0E3B2BC75884000C85A4 /* Cell */,
				420609A92BB31731007E5D5B /* SearchViewController.swift */,
				42AA0E3E2BC759E9000C85A4 /* SearchView.swift */,
			);
			path = View;
			sourceTree = "<group>";
		};
		42AA0E3B2BC75884000C85A4 /* Cell */ = {
			isa = PBXGroup;
			children = (
				42AA0E3C2BC75899000C85A4 /* UserTableViewCell.swift */,
			);
			path = Cell;
			sourceTree = "<group>";
		};
		42BAC5E72BD87B1800B80779 /* Header */ = {
			isa = PBXGroup;
			children = (
				42A31A7D2BB5E4CD0074F8DB /* ProfileHeader.swift */,
			);
			path = Header;
			sourceTree = "<group>";
		};
		42BAC5E82BD87B2200B80779 /* Cell */ = {
			isa = PBXGroup;
			children = (
				42A31A7F2BB5EC420074F8DB /* ProfileCollectionViewCell.swift */,
			);
			path = Cell;
			sourceTree = "<group>";
		};
		42F5BF4B2C9205E900DBFFBD /* Upload Posts */ = {
			isa = PBXGroup;
			children = (
				42F5BF602C92283A00DBFFBD /* Model */,
				42F5BF5D2C92273000DBFFBD /* Service */,
				42F5BF5A2C92259200DBFFBD /* Protocols */,
				42F5BF572C92257000DBFFBD /* ViewModel */,
				42F5BF562C92256500DBFFBD /* View */,
			);
			path = "Upload Posts";
			sourceTree = "<group>";
		};
		42F5BF502C920D0700DBFFBD /* Localizable */ = {
			isa = PBXGroup;
			children = (
				42F5BF512C920D1500DBFFBD /* Localizable.strings */,
			);
			path = Localizable;
			sourceTree = "<group>";
		};
		42F5BF562C92256500DBFFBD /* View */ = {
			isa = PBXGroup;
			children = (
				42F5BF4C2C92060A00DBFFBD /* UploadPostViewController.swift */,
			);
			path = View;
			sourceTree = "<group>";
		};
		42F5BF572C92257000DBFFBD /* ViewModel */ = {
			isa = PBXGroup;
			children = (
				42F5BF582C92258100DBFFBD /* UploadPostViewModel.swift */,
			);
			path = ViewModel;
			sourceTree = "<group>";
		};
		42F5BF5A2C92259200DBFFBD /* Protocols */ = {
			isa = PBXGroup;
			children = (
				42F5BF5B2C92259D00DBFFBD /* UploadPostViewModelProtocol.swift */,
				42F5BF632C9228B400DBFFBD /* PostServiceProtocol.swift */,
				42F5BF652C9230DF00DBFFBD /* UploadPostDelegate.swift */,
			);
			path = Protocols;
			sourceTree = "<group>";
		};
		42F5BF5D2C92273000DBFFBD /* Service */ = {
			isa = PBXGroup;
			children = (
				42F5BF5E2C92273E00DBFFBD /* PostService.swift */,
			);
			path = Service;
			sourceTree = "<group>";
		};
		42F5BF602C92283A00DBFFBD /* Model */ = {
			isa = PBXGroup;
			children = (
				42F5BF612C92284500DBFFBD /* Post.swift */,
			);
			path = Model;
			sourceTree = "<group>";
		};
		42FE623E2CA59A1E009901D6 /* Comments */ = {
			isa = PBXGroup;
			children = (
				42681D2C2CAB2D56006307E0 /* Coordinator */,
				42FE62592CA5EA19009901D6 /* Model */,
				42FE62542CA5E4DF009901D6 /* ViewModel */,
				42FE62512CA5E4AE009901D6 /* Protocols */,
				42FE624E2CA5E29B009901D6 /* Service */,
				42FE62422CA59B59009901D6 /* View */,
			);
			path = Comments;
			sourceTree = "<group>";
		};
		42FE623F2CA59A3A009901D6 /* Scenes */ = {
			isa = PBXGroup;
			children = (
				420609B52BB3186D007E5D5B /* TabBar */,
				42F5BF4B2C9205E900DBFFBD /* Upload Posts */,
				4294357B2BB38C1C00AB5121 /* Register */,
				420609B22BB317F9007E5D5B /* Profile */,
				420609AF2BB317B0007E5D5B /* Notifications */,
				420609A72BB3170E007E5D5B /* ImageSelector */,
				420609A62BB31708007E5D5B /* Feed */,
				420609A82BB3171C007E5D5B /* Search */,
				4294357A2BB38C1400AB5121 /* Login */,
				42FE623E2CA59A1E009901D6 /* Comments */,
			);
			path = Scenes;
			sourceTree = "<group>";
		};
		42FE62422CA59B59009901D6 /* View */ = {
			isa = PBXGroup;
			children = (
				42FE62432CA59B60009901D6 /* Cell */,
				42FE62402CA59A95009901D6 /* CommentViewController.swift */,
			);
			path = View;
			sourceTree = "<group>";
		};
		42FE62432CA59B60009901D6 /* Cell */ = {
			isa = PBXGroup;
			children = (
				42FE62442CA59B77009901D6 /* CommentCell.swift */,
			);
			path = Cell;
			sourceTree = "<group>";
		};
		42FE624A2CA5DF5A009901D6 /* CommentInputAccesoryView */ = {
			isa = PBXGroup;
			children = (
				42FE624B2CA5DF61009901D6 /* Protocols */,
				42FE62482CA5C689009901D6 /* CommentInputAccesoryView.swift */,
			);
			path = CommentInputAccesoryView;
			sourceTree = "<group>";
		};
		42FE624B2CA5DF61009901D6 /* Protocols */ = {
			isa = PBXGroup;
			children = (
				42FE624C2CA5DF71009901D6 /* CommentInputAccesoryViewDelegate.swift */,
			);
			path = Protocols;
			sourceTree = "<group>";
		};
		42FE624E2CA5E29B009901D6 /* Service */ = {
			isa = PBXGroup;
			children = (
				42FE624F2CA5E2A9009901D6 /* CommentService.swift */,
			);
			path = Service;
			sourceTree = "<group>";
		};
		42FE62512CA5E4AE009901D6 /* Protocols */ = {
			isa = PBXGroup;
			children = (
				42FE62522CA5E4BF009901D6 /* CommentServiceProtocol.swift */,
				42FE62572CA5E53F009901D6 /* CommentViewModelProtocol.swift */,
				42681D2F2CAB2F95006307E0 /* CommentCoordinatorProtocol.swift */,
			);
			path = Protocols;
			sourceTree = "<group>";
		};
		42FE62542CA5E4DF009901D6 /* ViewModel */ = {
			isa = PBXGroup;
			children = (
				42FE62552CA5E4EA009901D6 /* CommentViewModel.swift */,
				4251EC642CA5EDF200829D84 /* CommentCellViewModel.swift */,
			);
			path = ViewModel;
			sourceTree = "<group>";
		};
		42FE62592CA5EA19009901D6 /* Model */ = {
			isa = PBXGroup;
			children = (
				42FE625A2CA5EA21009901D6 /* Comment.swift */,
			);
			path = Model;
			sourceTree = "<group>";
		};
		BCE5C3266FC9E902EEF26DA5 /* Pods */ = {
			isa = PBXGroup;
			children = (
				F98E8A5877794A852CCCA0FC /* Pods-InstaClone.debug.xcconfig */,
				1920893AE6648D63CF877D94 /* Pods-InstaClone.release.xcconfig */,
			);
			path = Pods;
			sourceTree = "<group>";
		};
		D30B6ABA0A1D7515531EEB35 /* Frameworks */ = {
			isa = PBXGroup;
			children = (
				ED0E8F88EAD34666D3054EEB /* Pods_InstaClone.framework */,
			);
			name = Frameworks;
			sourceTree = "<group>";
		};
/* End PBXGroup section */

/* Begin PBXNativeTarget section */
		4206098C2BB30D2C007E5D5B /* InstaClone */ = {
			isa = PBXNativeTarget;
			buildConfigurationList = 420609A12BB30D2D007E5D5B /* Build configuration list for PBXNativeTarget "InstaClone" */;
			buildPhases = (
				CC86DD99A39144B3633B4A9A /* [CP] Check Pods Manifest.lock */,
				420609892BB30D2C007E5D5B /* Sources */,
				4206098A2BB30D2C007E5D5B /* Frameworks */,
				4206098B2BB30D2C007E5D5B /* Resources */,
				362BBC82DBCC012DFC3C9B2E /* [CP] Embed Pods Frameworks */,
			);
			buildRules = (
			);
			dependencies = (
			);
			name = InstaClone;
			productName = InstaClone;
			productReference = 4206098D2BB30D2C007E5D5B /* InstaClone.app */;
			productType = "com.apple.product-type.application";
		};
/* End PBXNativeTarget section */

/* Begin PBXProject section */
		420609852BB30D2C007E5D5B /* Project object */ = {
			isa = PBXProject;
			attributes = {
				BuildIndependentTargetsInParallel = 1;
				LastSwiftUpdateCheck = 1520;
				LastUpgradeCheck = 1520;
				TargetAttributes = {
					4206098C2BB30D2C007E5D5B = {
						CreatedOnToolsVersion = 15.2;
					};
				};
			};
			buildConfigurationList = 420609882BB30D2C007E5D5B /* Build configuration list for PBXProject "InstaClone" */;
			compatibilityVersion = "Xcode 14.0";
			developmentRegion = en;
			hasScannedForEncodings = 0;
			knownRegions = (
				en,
				Base,
			);
			mainGroup = 420609842BB30D2C007E5D5B;
			productRefGroup = 4206098E2BB30D2C007E5D5B /* Products */;
			projectDirPath = "";
			projectRoot = "";
			targets = (
				4206098C2BB30D2C007E5D5B /* InstaClone */,
			);
		};
/* End PBXProject section */

/* Begin PBXResourcesBuildPhase section */
		4206098B2BB30D2C007E5D5B /* Resources */ = {
			isa = PBXResourcesBuildPhase;
			buildActionMask = 2147483647;
			files = (
				4206099D2BB30D2D007E5D5B /* LaunchScreen.storyboard in Resources */,
				42F5BF532C920D1500DBFFBD /* Localizable.strings in Resources */,
				42F5BF4F2C92099000DBFFBD /* Assets.xcassets in Resources */,
				424D0C012BB4764000E4EA0E /* GoogleService-Info.plist in Resources */,
			);
			runOnlyForDeploymentPostprocessing = 0;
		};
/* End PBXResourcesBuildPhase section */

/* Begin PBXShellScriptBuildPhase section */
		362BBC82DBCC012DFC3C9B2E /* [CP] Embed Pods Frameworks */ = {
			isa = PBXShellScriptBuildPhase;
			buildActionMask = 2147483647;
			files = (
			);
			inputFileListPaths = (
				"${PODS_ROOT}/Target Support Files/Pods-InstaClone/Pods-InstaClone-frameworks-${CONFIGURATION}-input-files.xcfilelist",
			);
			name = "[CP] Embed Pods Frameworks";
			outputFileListPaths = (
				"${PODS_ROOT}/Target Support Files/Pods-InstaClone/Pods-InstaClone-frameworks-${CONFIGURATION}-output-files.xcfilelist",
			);
			runOnlyForDeploymentPostprocessing = 0;
			shellPath = /bin/sh;
			shellScript = "\"${PODS_ROOT}/Target Support Files/Pods-InstaClone/Pods-InstaClone-frameworks.sh\"\n";
			showEnvVarsInLog = 0;
		};
		CC86DD99A39144B3633B4A9A /* [CP] Check Pods Manifest.lock */ = {
			isa = PBXShellScriptBuildPhase;
			buildActionMask = 2147483647;
			files = (
			);
			inputFileListPaths = (
			);
			inputPaths = (
				"${PODS_PODFILE_DIR_PATH}/Podfile.lock",
				"${PODS_ROOT}/Manifest.lock",
			);
			name = "[CP] Check Pods Manifest.lock";
			outputFileListPaths = (
			);
			outputPaths = (
				"$(DERIVED_FILE_DIR)/Pods-InstaClone-checkManifestLockResult.txt",
			);
			runOnlyForDeploymentPostprocessing = 0;
			shellPath = /bin/sh;
			shellScript = "diff \"${PODS_PODFILE_DIR_PATH}/Podfile.lock\" \"${PODS_ROOT}/Manifest.lock\" > /dev/null\nif [ $? != 0 ] ; then\n    # print error to STDERR\n    echo \"error: The sandbox is not in sync with the Podfile.lock. Run 'pod install' or update your CocoaPods installation.\" >&2\n    exit 1\nfi\n# This output is used by Xcode 'outputs' to avoid re-running this script phase.\necho \"SUCCESS\" > \"${SCRIPT_OUTPUT_FILE_0}\"\n";
			showEnvVarsInLog = 0;
		};
/* End PBXShellScriptBuildPhase section */

/* Begin PBXSourcesBuildPhase section */
		420609892BB30D2C007E5D5B /* Sources */ = {
			isa = PBXSourcesBuildPhase;
			buildActionMask = 2147483647;
			files = (
				42A31A742BB5CB390074F8DB /* FeedViewModelProtocol.swift in Sources */,
				42A31A6B2BB4ABB80074F8DB /* UserRegistration.swift in Sources */,
				42681D302CAB2F95006307E0 /* CommentCoordinatorProtocol.swift in Sources */,
				424313122BBCC87700BEE02C /* LoginCoordinator.swift in Sources */,
				42A776612BB72765007CA1E4 /* ProfileViewModelProtocol.swift in Sources */,
				4243131A2BBCCD7800BEE02C /* FeedCoordinator.swift in Sources */,
				420609AA2BB31731007E5D5B /* SearchViewController.swift in Sources */,
				4281F3602BC8A50500A45350 /* SearchViewModel.swift in Sources */,
				42AA0E362BC5F69C000C85A4 /* MainTabBarViewModel.swift in Sources */,
				424D0BFC2BB45A3300E4EA0E /* RegistrationViewModel.swift in Sources */,
				42F5BF662C9230DF00DBFFBD /* UploadPostDelegate.swift in Sources */,
				4294357F2BB38C4200AB5121 /* RegistrationViewController.swift in Sources */,
				42AA0E3D2BC75899000C85A4 /* UserTableViewCell.swift in Sources */,
				4283FFA42BB440E900711D0C /* UIView+.swift in Sources */,
				424313152BBCC9AF00BEE02C /* Coordinator.swift in Sources */,
				42681D262CAB28CA006307E0 /* UserService.swift in Sources */,
				4243131D2BBCCDF400BEE02C /* MainCoordinator.swift in Sources */,
				420609912BB30D2C007E5D5B /* AppDelegate.swift in Sources */,
				42A7765D2BB7228D007CA1E4 /* ProfileHeaderViewModelProtocol.swift in Sources */,
				42CEFA5D2C9DD8E200B2873C /* UIViewController+.swift in Sources */,
				42F5BF552C9210E900DBFFBD /* InputTextView.swift in Sources */,
				42A31A6F2BB5CB040074F8DB /* FeedViewModel.swift in Sources */,
				42A776572BB71C3E007CA1E4 /* User.swift in Sources */,
				424313172BBCCBB200BEE02C /* LoginCoordinatorProtocol.swift in Sources */,
				42FE62532CA5E4BF009901D6 /* CommentServiceProtocol.swift in Sources */,
				422E56AE2C9EE8DD00867FC3 /* FeedCollectionCellViewModel.swift in Sources */,
				420609A52BB30D4B007E5D5B /* MainTabBarController.swift in Sources */,
				420609932BB30D2C007E5D5B /* SceneDelegate.swift in Sources */,
				425331732C8E4E9C0060D28D /* UIImage+.swift in Sources */,
				42FE62492CA5C689009901D6 /* CommentInputAccesoryView.swift in Sources */,
				42F5BF5C2C92259D00DBFFBD /* UploadPostViewModelProtocol.swift in Sources */,
				420609AC2BB31753007E5D5B /* ImageSelectorViewController.swift in Sources */,
				42A7765A2BB72250007CA1E4 /* ProfileHeaderViewModel.swift in Sources */,
				42A7764E2BB719F7007CA1E4 /* Constants.swift in Sources */,
				42BB1A9A2BB35226007F3865 /* FeedCollectionViewCell.swift in Sources */,
				4251EC652CA5EDF200829D84 /* CommentCellViewModel.swift in Sources */,
				42681D2B2CAB2A6D006307E0 /* UserServiceProtocol.swift in Sources */,
				42FE623C2CA489DE009901D6 /* ProfileCollectionViewCellViewModel.swift in Sources */,
				42A31A6D2BB4AD800074F8DB /* RegistrationService.swift in Sources */,
				42681D2E2CAB2D63006307E0 /* CommentCoordinator.swift in Sources */,
				424D0BF52BB4548B00E4EA0E /* LoginViewModel.swift in Sources */,
				42A7765F2BB7274F007CA1E4 /* ProfileViewModel.swift in Sources */,
				42FE62412CA59A95009901D6 /* CommentViewController.swift in Sources */,
				429435852BB3A64000AB5121 /* UIButton+.swift in Sources */,
				42A776502BB71A78007CA1E4 /* ProfileService.swift in Sources */,
				424D0BFF2BB45A9200E4EA0E /* RegistrationViewModelProtocol.swift in Sources */,
				42F5BF4D2C92060A00DBFFBD /* UploadPostViewController.swift in Sources */,
				420609B42BB31804007E5D5B /* ProfileViewController.swift in Sources */,
				42FE625B2CA5EA21009901D6 /* Comment.swift in Sources */,
				42A31A632BB499210074F8DB /* RegistrationView.swift in Sources */,
				42FE62502CA5E2A9009901D6 /* CommentService.swift in Sources */,
				422E56AC2C9E07B300867FC3 /* PostList.swift in Sources */,
				42BAC5E32BD715A100B80779 /* ProfileCoordinator.swift in Sources */,
				42AA0E3F2BC759E9000C85A4 /* SearchView.swift in Sources */,
				429435812BB3A17600AB5121 /* CustomTextField.swift in Sources */,
				422E56A92C9E070100867FC3 /* FeedService.swift in Sources */,
				42F5BF5F2C92273E00DBFFBD /* PostService.swift in Sources */,
				422E56A62C9E058600867FC3 /* FeedServiceProtocol.swift in Sources */,
				42AA0E322BC4B10D000C85A4 /* UserSession.swift in Sources */,
				42F5BF642C9228B400DBFFBD /* PostServiceProtocol.swift in Sources */,
				421EED1C2CACC5EA00AD6839 /* NotificationsTableViewCell.swift in Sources */,
				42AA0E392BC5F6FE000C85A4 /* MainTabBarViewModelProtocol.swift in Sources */,
				42FE624D2CA5DF71009901D6 /* CommentInputAccesoryViewDelegate.swift in Sources */,
				42FE62452CA59B77009901D6 /* CommentCell.swift in Sources */,
				42FE62472CA59CCD009901D6 /* FeedCellDelegate.swift in Sources */,
				42A31A802BB5EC420074F8DB /* ProfileCollectionViewCell.swift in Sources */,
				420609AE2BB31765007E5D5B /* FeedViewController.swift in Sources */,
				4294357D2BB38C2B00AB5121 /* LoginViewController.swift in Sources */,
				42F5BF592C92258100DBFFBD /* UploadPostViewModel.swift in Sources */,
				42A31A662BB4A9400074F8DB /* ImageUploader.swift in Sources */,
				42A31A772BB5D1B00074F8DB /* LoginService.swift in Sources */,
				4281F3632BC8A52300A45350 /* SearchViewModelProtocol.swift in Sources */,
				424D0BF82BB4551400E4EA0E /* LoginViewModelProtocol.swift in Sources */,
				42FE62582CA5E53F009901D6 /* CommentViewModelProtocol.swift in Sources */,
				42F5BF622C92284500DBFFBD /* Post.swift in Sources */,
				420609B12BB317C0007E5D5B /* NotificationsViewController.swift in Sources */,
				42FE62562CA5E4EA009901D6 /* CommentViewModel.swift in Sources */,
				42A31A7E2BB5E4CD0074F8DB /* ProfileHeader.swift in Sources */,
			);
			runOnlyForDeploymentPostprocessing = 0;
		};
/* End PBXSourcesBuildPhase section */

/* Begin PBXVariantGroup section */
		4206099B2BB30D2D007E5D5B /* LaunchScreen.storyboard */ = {
			isa = PBXVariantGroup;
			children = (
				4206099C2BB30D2D007E5D5B /* Base */,
			);
			name = LaunchScreen.storyboard;
			sourceTree = "<group>";
		};
		42F5BF512C920D1500DBFFBD /* Localizable.strings */ = {
			isa = PBXVariantGroup;
			children = (
				42F5BF522C920D1500DBFFBD /* en */,
			);
			name = Localizable.strings;
			sourceTree = "<group>";
		};
/* End PBXVariantGroup section */

/* Begin XCBuildConfiguration section */
		4206099F2BB30D2D007E5D5B /* Debug */ = {
			isa = XCBuildConfiguration;
			buildSettings = {
				ALWAYS_SEARCH_USER_PATHS = NO;
				ASSETCATALOG_COMPILER_GENERATE_SWIFT_ASSET_SYMBOL_EXTENSIONS = YES;
				CLANG_ANALYZER_NONNULL = YES;
				CLANG_ANALYZER_NUMBER_OBJECT_CONVERSION = YES_AGGRESSIVE;
				CLANG_CXX_LANGUAGE_STANDARD = "gnu++20";
				CLANG_ENABLE_MODULES = YES;
				CLANG_ENABLE_OBJC_ARC = YES;
				CLANG_ENABLE_OBJC_WEAK = YES;
				CLANG_WARN_BLOCK_CAPTURE_AUTORELEASING = YES;
				CLANG_WARN_BOOL_CONVERSION = YES;
				CLANG_WARN_COMMA = YES;
				CLANG_WARN_CONSTANT_CONVERSION = YES;
				CLANG_WARN_DEPRECATED_OBJC_IMPLEMENTATIONS = YES;
				CLANG_WARN_DIRECT_OBJC_ISA_USAGE = YES_ERROR;
				CLANG_WARN_DOCUMENTATION_COMMENTS = YES;
				CLANG_WARN_EMPTY_BODY = YES;
				CLANG_WARN_ENUM_CONVERSION = YES;
				CLANG_WARN_INFINITE_RECURSION = YES;
				CLANG_WARN_INT_CONVERSION = YES;
				CLANG_WARN_NON_LITERAL_NULL_CONVERSION = YES;
				CLANG_WARN_OBJC_IMPLICIT_RETAIN_SELF = YES;
				CLANG_WARN_OBJC_LITERAL_CONVERSION = YES;
				CLANG_WARN_OBJC_ROOT_CLASS = YES_ERROR;
				CLANG_WARN_QUOTED_INCLUDE_IN_FRAMEWORK_HEADER = YES;
				CLANG_WARN_RANGE_LOOP_ANALYSIS = YES;
				CLANG_WARN_STRICT_PROTOTYPES = YES;
				CLANG_WARN_SUSPICIOUS_MOVE = YES;
				CLANG_WARN_UNGUARDED_AVAILABILITY = YES_AGGRESSIVE;
				CLANG_WARN_UNREACHABLE_CODE = YES;
				CLANG_WARN__DUPLICATE_METHOD_MATCH = YES;
				COPY_PHASE_STRIP = NO;
				DEBUG_INFORMATION_FORMAT = dwarf;
				ENABLE_STRICT_OBJC_MSGSEND = YES;
				ENABLE_TESTABILITY = YES;
				ENABLE_USER_SCRIPT_SANDBOXING = YES;
				GCC_C_LANGUAGE_STANDARD = gnu17;
				GCC_DYNAMIC_NO_PIC = NO;
				GCC_NO_COMMON_BLOCKS = YES;
				GCC_OPTIMIZATION_LEVEL = 0;
				GCC_PREPROCESSOR_DEFINITIONS = (
					"DEBUG=1",
					"$(inherited)",
				);
				GCC_WARN_64_TO_32_BIT_CONVERSION = YES;
				GCC_WARN_ABOUT_RETURN_TYPE = YES_ERROR;
				GCC_WARN_UNDECLARED_SELECTOR = YES;
				GCC_WARN_UNINITIALIZED_AUTOS = YES_AGGRESSIVE;
				GCC_WARN_UNUSED_FUNCTION = YES;
				GCC_WARN_UNUSED_VARIABLE = YES;
				IPHONEOS_DEPLOYMENT_TARGET = 17.2;
				LOCALIZATION_PREFERS_STRING_CATALOGS = YES;
				MTL_ENABLE_DEBUG_INFO = INCLUDE_SOURCE;
				MTL_FAST_MATH = YES;
				ONLY_ACTIVE_ARCH = YES;
				SDKROOT = iphoneos;
				SWIFT_ACTIVE_COMPILATION_CONDITIONS = "DEBUG $(inherited)";
				SWIFT_OPTIMIZATION_LEVEL = "-Onone";
			};
			name = Debug;
		};
		420609A02BB30D2D007E5D5B /* Release */ = {
			isa = XCBuildConfiguration;
			buildSettings = {
				ALWAYS_SEARCH_USER_PATHS = NO;
				ASSETCATALOG_COMPILER_GENERATE_SWIFT_ASSET_SYMBOL_EXTENSIONS = YES;
				CLANG_ANALYZER_NONNULL = YES;
				CLANG_ANALYZER_NUMBER_OBJECT_CONVERSION = YES_AGGRESSIVE;
				CLANG_CXX_LANGUAGE_STANDARD = "gnu++20";
				CLANG_ENABLE_MODULES = YES;
				CLANG_ENABLE_OBJC_ARC = YES;
				CLANG_ENABLE_OBJC_WEAK = YES;
				CLANG_WARN_BLOCK_CAPTURE_AUTORELEASING = YES;
				CLANG_WARN_BOOL_CONVERSION = YES;
				CLANG_WARN_COMMA = YES;
				CLANG_WARN_CONSTANT_CONVERSION = YES;
				CLANG_WARN_DEPRECATED_OBJC_IMPLEMENTATIONS = YES;
				CLANG_WARN_DIRECT_OBJC_ISA_USAGE = YES_ERROR;
				CLANG_WARN_DOCUMENTATION_COMMENTS = YES;
				CLANG_WARN_EMPTY_BODY = YES;
				CLANG_WARN_ENUM_CONVERSION = YES;
				CLANG_WARN_INFINITE_RECURSION = YES;
				CLANG_WARN_INT_CONVERSION = YES;
				CLANG_WARN_NON_LITERAL_NULL_CONVERSION = YES;
				CLANG_WARN_OBJC_IMPLICIT_RETAIN_SELF = YES;
				CLANG_WARN_OBJC_LITERAL_CONVERSION = YES;
				CLANG_WARN_OBJC_ROOT_CLASS = YES_ERROR;
				CLANG_WARN_QUOTED_INCLUDE_IN_FRAMEWORK_HEADER = YES;
				CLANG_WARN_RANGE_LOOP_ANALYSIS = YES;
				CLANG_WARN_STRICT_PROTOTYPES = YES;
				CLANG_WARN_SUSPICIOUS_MOVE = YES;
				CLANG_WARN_UNGUARDED_AVAILABILITY = YES_AGGRESSIVE;
				CLANG_WARN_UNREACHABLE_CODE = YES;
				CLANG_WARN__DUPLICATE_METHOD_MATCH = YES;
				COPY_PHASE_STRIP = NO;
				DEBUG_INFORMATION_FORMAT = "dwarf-with-dsym";
				ENABLE_NS_ASSERTIONS = NO;
				ENABLE_STRICT_OBJC_MSGSEND = YES;
				ENABLE_USER_SCRIPT_SANDBOXING = YES;
				GCC_C_LANGUAGE_STANDARD = gnu17;
				GCC_NO_COMMON_BLOCKS = YES;
				GCC_WARN_64_TO_32_BIT_CONVERSION = YES;
				GCC_WARN_ABOUT_RETURN_TYPE = YES_ERROR;
				GCC_WARN_UNDECLARED_SELECTOR = YES;
				GCC_WARN_UNINITIALIZED_AUTOS = YES_AGGRESSIVE;
				GCC_WARN_UNUSED_FUNCTION = YES;
				GCC_WARN_UNUSED_VARIABLE = YES;
				IPHONEOS_DEPLOYMENT_TARGET = 17.2;
				LOCALIZATION_PREFERS_STRING_CATALOGS = YES;
				MTL_ENABLE_DEBUG_INFO = NO;
				MTL_FAST_MATH = YES;
				SDKROOT = iphoneos;
				SWIFT_COMPILATION_MODE = wholemodule;
				VALIDATE_PRODUCT = YES;
			};
			name = Release;
		};
		420609A22BB30D2D007E5D5B /* Debug */ = {
			isa = XCBuildConfiguration;
			baseConfigurationReference = F98E8A5877794A852CCCA0FC /* Pods-InstaClone.debug.xcconfig */;
			buildSettings = {
				ASSETCATALOG_COMPILER_APPICON_NAME = AppIcon;
				ASSETCATALOG_COMPILER_GLOBAL_ACCENT_COLOR_NAME = AccentColor;
				CODE_SIGN_STYLE = Automatic;
				CURRENT_PROJECT_VERSION = 1;
				DEVELOPMENT_TEAM = CTDN3273R3;
				ENABLE_USER_SCRIPT_SANDBOXING = NO;
				GENERATE_INFOPLIST_FILE = YES;
				INFOPLIST_FILE = InstaClone/Info.plist;
				INFOPLIST_KEY_UIApplicationSupportsIndirectInputEvents = YES;
				INFOPLIST_KEY_UILaunchStoryboardName = LaunchScreen;
				INFOPLIST_KEY_UISupportedInterfaceOrientations_iPad = "UIInterfaceOrientationPortrait UIInterfaceOrientationPortraitUpsideDown UIInterfaceOrientationLandscapeLeft UIInterfaceOrientationLandscapeRight";
				INFOPLIST_KEY_UISupportedInterfaceOrientations_iPhone = "UIInterfaceOrientationPortrait UIInterfaceOrientationLandscapeLeft UIInterfaceOrientationLandscapeRight";
				LD_RUNPATH_SEARCH_PATHS = (
					"$(inherited)",
					"@executable_path/Frameworks",
				);
				MARKETING_VERSION = 1.0;
				PRODUCT_BUNDLE_IDENTIFIER = com.br.vhenriquebm.InstaClone;
				PRODUCT_NAME = "$(TARGET_NAME)";
				SWIFT_EMIT_LOC_STRINGS = YES;
				SWIFT_VERSION = 5.0;
				TARGETED_DEVICE_FAMILY = "1,2";
			};
			name = Debug;
		};
		420609A32BB30D2D007E5D5B /* Release */ = {
			isa = XCBuildConfiguration;
			baseConfigurationReference = 1920893AE6648D63CF877D94 /* Pods-InstaClone.release.xcconfig */;
			buildSettings = {
				ASSETCATALOG_COMPILER_APPICON_NAME = AppIcon;
				ASSETCATALOG_COMPILER_GLOBAL_ACCENT_COLOR_NAME = AccentColor;
				CODE_SIGN_STYLE = Automatic;
				CURRENT_PROJECT_VERSION = 1;
				DEVELOPMENT_TEAM = CTDN3273R3;
				ENABLE_USER_SCRIPT_SANDBOXING = NO;
				GENERATE_INFOPLIST_FILE = YES;
				INFOPLIST_FILE = InstaClone/Info.plist;
				INFOPLIST_KEY_UIApplicationSupportsIndirectInputEvents = YES;
				INFOPLIST_KEY_UILaunchStoryboardName = LaunchScreen;
				INFOPLIST_KEY_UISupportedInterfaceOrientations_iPad = "UIInterfaceOrientationPortrait UIInterfaceOrientationPortraitUpsideDown UIInterfaceOrientationLandscapeLeft UIInterfaceOrientationLandscapeRight";
				INFOPLIST_KEY_UISupportedInterfaceOrientations_iPhone = "UIInterfaceOrientationPortrait UIInterfaceOrientationLandscapeLeft UIInterfaceOrientationLandscapeRight";
				LD_RUNPATH_SEARCH_PATHS = (
					"$(inherited)",
					"@executable_path/Frameworks",
				);
				MARKETING_VERSION = 1.0;
				PRODUCT_BUNDLE_IDENTIFIER = com.br.vhenriquebm.InstaClone;
				PRODUCT_NAME = "$(TARGET_NAME)";
				SWIFT_EMIT_LOC_STRINGS = YES;
				SWIFT_VERSION = 5.0;
				TARGETED_DEVICE_FAMILY = "1,2";
			};
			name = Release;
		};
/* End XCBuildConfiguration section */

/* Begin XCConfigurationList section */
		420609882BB30D2C007E5D5B /* Build configuration list for PBXProject "InstaClone" */ = {
			isa = XCConfigurationList;
			buildConfigurations = (
				4206099F2BB30D2D007E5D5B /* Debug */,
				420609A02BB30D2D007E5D5B /* Release */,
			);
			defaultConfigurationIsVisible = 0;
			defaultConfigurationName = Release;
		};
		420609A12BB30D2D007E5D5B /* Build configuration list for PBXNativeTarget "InstaClone" */ = {
			isa = XCConfigurationList;
			buildConfigurations = (
				420609A22BB30D2D007E5D5B /* Debug */,
				420609A32BB30D2D007E5D5B /* Release */,
			);
			defaultConfigurationIsVisible = 0;
			defaultConfigurationName = Release;
		};
/* End XCConfigurationList section */
	};
	rootObject = 420609852BB30D2C007E5D5B /* Project object */;
}
